{
    "_meta": {
        "hash": {
            "sha256": "33df1b1a7a644f5161197af2e5e59f21122528b65099339a9a9a79383f75fd81"
        },
        "pipfile-spec": 6,
        "requires": {},
        "sources": [
            {
                "name": "pypi",
                "url": "https://pypi.org/simple",
                "verify_ssl": true
            }
        ]
    },
    "default": {
        "asgiref": {
            "hashes": [
                "sha256:89b2ef2247e3b562a16eef663bc0e2e703ec6468e2fa8a5cd61cd449786d4f6e",
                "sha256:9e0ce3aa93a819ba5b45120216b23878cf6e8525eb3848653452b4192b92afed"
            ],
            "markers": "python_version >= '3.7'",
            "version": "==3.7.2"
        },
        "django": {
            "hashes": [
                "sha256:8e0f1c2c2786b5c0e39fe1afce24c926040fad47c8ea8ad30aaf1188df29fc41",
                "sha256:e1d37c51ad26186de355cbcec16613ebdabfa9689bbade9c538835205a8abbe9"
            ],
            "index": "pypi",
            "markers": "python_version >= '3.8'",
            "version": "==4.2.7"
        },
        "django-browser-reload": {
            "hashes": [
                "sha256:08b457f1b6599bf782d4d2ecdfb0897d6fc936ac4035060d0269c2af5ef4ef7a",
                "sha256:875b6bd01db13380522ccb4ae75871a2edeae74bb5ac92bf32eb76763d575d86"
            ],
            "index": "pypi",
            "markers": "python_version >= '3.8'",
            "version": "==1.12.1"
        },
        "django-environ": {
            "hashes": [
                "sha256:0ff95ab4344bfeff693836aa978e6840abef2e2f1145adff7735892711590c05",
                "sha256:f32a87aa0899894c27d4e1776fa6b477e8164ed7f6b3e410a62a6d72caaf64be"
            ],
            "index": "pypi",
            "markers": "python_version >= '3.6' and python_version < '4'",
            "version": "==0.11.2"
        },
        "django-phonenumber-field": {
            "hashes": [
                "sha256:16778f2717ea2aecc6178beb0d6bc431c78c6a8b0474e1fa8face040efeb6e9e",
                "sha256:20c7c5c449e33eed5fd45ef8d3dc668faabaeff3277eddd1892b262d686ba381"
            ],
            "index": "pypi",
            "markers": "python_version >= '3.8'",
            "version": "==7.2.0"
        },
        "django-tailwind": {
            "hashes": [
                "sha256:93db0ed1c18ae21ee8ad7f19f96744f5b2322e9d9872307a06e0f45b21cbe60a",
                "sha256:d878222a4ef957d1d0f0529dcd28b0065995ca6b8c7b43b058b9214c9e7d8ec0"
            ],
            "index": "pypi",
            "markers": "python_full_version >= '3.8.1' and python_full_version < '4.0.0'",
            "version": "==3.6.0"
        },
        "phonenumbers": {
            "hashes": [
                "sha256:937d70aeceb317f5831dfec28de855a60260ef4a9d551964bec8e7a7d0cf81cd",
                "sha256:b2308c9c5750b8f10dd30d94547afd66bce60ac5e93aff227f95740557f32752"
            ],
            "index": "pypi",
            "version": "==8.13.26"
        },
        "psycopg2": {
            "hashes": [
                "sha256:121081ea2e76729acfb0673ff33755e8703d45e926e416cb59bae3a86c6a4981",
                "sha256:38a8dcc6856f569068b47de286b472b7c473ac7977243593a288ebce0dc89516",
                "sha256:426f9f29bde126913a20a96ff8ce7d73fd8a216cfb323b1f04da402d452853c3",
                "sha256:5e0d98cade4f0e0304d7d6f25bbfbc5bd186e07b38eac65379309c4ca3193efa",
                "sha256:7e2dacf8b009a1c1e843b5213a87f7c544b2b042476ed7755be813eaf4e8347a",
                "sha256:a7653d00b732afb6fc597e29c50ad28087dcb4fbfb28e86092277a559ae4e693",
                "sha256:ade01303ccf7ae12c356a5e10911c9e1c51136003a9a1d92f7aa9d010fb98372",
                "sha256:bac58c024c9922c23550af2a581998624d6e02350f4ae9c5f0bc642c633a2d5e",
                "sha256:c92811b2d4c9b6ea0285942b2e7cac98a59e166d59c588fe5cfe1eda58e72d59",
                "sha256:d1454bde93fb1e224166811694d600e746430c006fbb031ea06ecc2ea41bf156",
                "sha256:d735786acc7dd25815e89cc4ad529a43af779db2e25aa7c626de864127e5a024",
                "sha256:de80739447af31525feddeb8effd640782cf5998e1a4e9192ebdf829717e3913",
                "sha256:ff432630e510709564c01dafdbe996cb552e0b9f3f065eb89bdce5bd31fabf4c"
            ],
            "index": "pypi",
            "markers": "python_version >= '3.7'",
            "version": "==2.9.9"
        },
        "sqlparse": {
            "hashes": [
                "sha256:5430a4fe2ac7d0f93e66f1efc6e1338a41884b7ddf2a350cedd20ccc4d9d28f3",
                "sha256:d446183e84b8349fa3061f0fe7f06ca94ba65b426946ffebe6e3e8295332420c"
            ],
            "markers": "python_version >= '3.5'",
            "version": "==0.4.4"
        },
        "tzdata": {
            "hashes": [
                "sha256:11ef1e08e54acb0d4f95bdb1be05da659673de4acbd21bf9c69e94cc5e907a3a",
                "sha256:7e65763eef3120314099b6939b5546db7adce1e7d6f2e179e3df563c70511eda"
            ],
            "index": "pypi",
            "markers": "python_version >= '2'",
            "version": "==2023.3"
        },
        "whitenoise": {
            "hashes": [
                "sha256:8998f7370973447fac1e8ef6e8ded2c5209a7b1f67c1012866dbcd09681c3251",
                "sha256:b1f9db9bf67dc183484d760b99f4080185633136a273a03f6436034a41064146"
            ],
            "index": "pypi",
            "markers": "python_version >= '3.8'",
            "version": "==6.6.0"
        }
    },
    "develop": {
        "mypy": {
            "hashes": [
                "sha256:12cce78e329838d70a204293e7b29af9faa3ab14899aec397798a4b41be7f340",
                "sha256:1484b8fa2c10adf4474f016e09d7a159602f3239075c7bf9f1627f5acf40ad49",
                "sha256:204e0d6de5fd2317394a4eff62065614c4892d5a4d1a7ee55b765d7a3d9e3f82",
                "sha256:2643d145af5292ee956aa0a83c2ce1038a3bdb26e033dadeb2f7066fb0c9abce",
                "sha256:2c6e4464ed5f01dc44dc9821caf67b60a4e5c3b04278286a85c067010653a0eb",
                "sha256:2f7f6985d05a4e3ce8255396df363046c28bea790e40617654e91ed580ca7c51",
                "sha256:31902408f4bf54108bbfb2e35369877c01c95adc6192958684473658c322c8a5",
                "sha256:40716d1f821b89838589e5b3106ebbc23636ffdef5abc31f7cd0266db936067e",
                "sha256:4b901927f16224d0d143b925ce9a4e6b3a758010673eeded9b748f250cf4e8f7",
                "sha256:4fc3d14ee80cd22367caaaf6e014494415bf440980a3045bf5045b525680ac33",
                "sha256:5cf3f0c5ac72139797953bd50bc6c95ac13075e62dbfcc923571180bebb662e9",
                "sha256:6dbdec441c60699288adf051f51a5d512b0d818526d1dcfff5a41f8cd8b4aaf1",
                "sha256:72cf32ce7dd3562373f78bd751f73c96cfb441de147cc2448a92c1a308bd0ca6",
                "sha256:75aa828610b67462ffe3057d4d8a4112105ed211596b750b53cbfe182f44777a",
                "sha256:75c4d2a6effd015786c87774e04331b6da863fc3fc4e8adfc3b40aa55ab516fe",
                "sha256:78e25b2fd6cbb55ddfb8058417df193f0129cad5f4ee75d1502248e588d9e0d7",
                "sha256:84860e06ba363d9c0eeabd45ac0fde4b903ad7aa4f93cd8b648385a888e23200",
                "sha256:8c5091ebd294f7628eb25ea554852a52058ac81472c921150e3a61cdd68f75a7",
                "sha256:944bdc21ebd620eafefc090cdf83158393ec2b1391578359776c00de00e8907a",
                "sha256:9c7ac372232c928fff0645d85f273a726970c014749b924ce5710d7d89763a28",
                "sha256:d9b338c19fa2412f76e17525c1b4f2c687a55b156320acb588df79f2e6fa9fea",
                "sha256:ee5d62d28b854eb61889cde4e1dbc10fbaa5560cb39780c3995f6737f7e82120",
                "sha256:f2c2521a8e4d6d769e3234350ba7b65ff5d527137cdcde13ff4d99114b0c8e7d",
                "sha256:f6efc9bd72258f89a3816e3a98c09d36f079c223aa345c659622f056b760ab42",
                "sha256:f7c5d642db47376a0cc130f0de6d055056e010debdaf0707cd2b0fc7e7ef30ea",
                "sha256:fcb6d9afb1b6208b4c712af0dafdc650f518836065df0d4fb1d800f5d6773db2",
                "sha256:fcd2572dd4519e8a6642b733cd3a8cfc1ef94bafd0c1ceed9c94fe736cb65b6a"
            ],
            "index": "pypi",
            "markers": "python_version >= '3.8'",
            "version": "==1.7.1"
        },
        "mypy-extensions": {
            "hashes": [
                "sha256:4392f6c0eb8a5668a69e23d168ffa70f0be9ccfd32b5cc2d26a34ae5b844552d",
                "sha256:75dbf8955dc00442a438fc4d0666508a9a97b6bd41aa2f0ffe9d2f2725af0782"
            ],
            "index": "pypi",
            "markers": "python_version >= '3.5'",
            "version": "==1.0.0"
        },
        "typing-extensions": {
            "hashes": [
                "sha256:8f92fc8806f9a6b641eaa5318da32b44d401efaac0f6678c9bc448ba3605faa0",
                "sha256:df8e4339e9cb77357558cbdbceca33c303714cf861d1eef15e1070055ae8b7ef"
            ],
            "markers": "python_version >= '3.8'",
            "version": "==4.8.0"
        }
    }
}
